{
  "lockfile_version": "1",
  "packages": {
    "github:NixOS/nixpkgs/nixpkgs-unstable": {
      "resolved": "github:NixOS/nixpkgs/d9b69c3ec2a2e2e971c534065bdd53374bd68b97?lastModified=1740396192&narHash=sha256-ATMHHrg3sG1KgpQA5x8I%2BzcYpp5Sf17FaFj%2FfN%2B8OoQ%3D"
    },
    "github:snowfallorg/flake": {
      "resolved": "github:snowfallorg/flake/d3b1167f7265d28549930b95b98327c277ef8afd?lastModified=1716675632&narHash=sha256-AOgmoVZvMPUMSlHMrRjWaPykNS5YWxnUNp7STgfjGdA%3D"
    }
  }
}
